
Microsoft Visual Studio Solution File, Format Version 12.00
# Visual Studio Version 17
VisualStudioVersion = 17.0.31903.59
MinimumVisualStudioVersion = 10.0.40219.1
Project("{2150E333-8FDC-42A3-9474-1A3956D46DE8}") = "Services", "Services", "{FCBD3F99-836F-402F-9F0F-500D3212040F}"
EndProject
Project("{2150E333-8FDC-42A3-9474-1A3956D46DE8}") = "Catalog", "Catalog", "{B3C2CF21-3AA6-4360-A535-BE3FE7E5C615}"
EndProject
Project("{9A19103F-16F7-4668-BE54-9A1E7A4F7556}") = "Catalog.Api", "Services\Catalog\Catalog.Api\Catalog.Api.csproj", "{9277C5EE-1D11-4E17-93B8-B9DEF8D09EEB}"
EndProject
Project("{E53339B2-1760-4266-BCC7-CA923CBCF16C}") = "docker-compose", "docker-compose.dcproj", "{EA9E16C0-2D29-4FA6-B45C-44714270FDF1}"
EndProject
Project("{2150E333-8FDC-42A3-9474-1A3956D46DE8}") = "Basket", "Basket", "{4D6027A2-8509-4729-9710-9BB0763AF757}"
EndProject
Project("{9A19103F-16F7-4668-BE54-9A1E7A4F7556}") = "Basket.API", "Services\Basket\Basket.API\Basket.API.csproj", "{94154BA4-8D94-44B2-8C33-D1F7084AE11A}"
EndProject
Project("{2150E333-8FDC-42A3-9474-1A3956D46DE8}") = "Discount", "Discount", "{681CD67A-293A-448B-945A-DAC6900520CD}"
EndProject
Project("{9A19103F-16F7-4668-BE54-9A1E7A4F7556}") = "Discount.API", "Services\Discount\Discount.API\Discount.API.csproj", "{8A6937E6-B94F-4DB6-AC9F-87078B79F0C8}"
EndProject
Project("{9A19103F-16F7-4668-BE54-9A1E7A4F7556}") = "Discount.Grpc", "Services\Discount\Discount.Grpc\Discount.Grpc.csproj", "{55AFCB89-F579-4882-BF3A-49DB5B65C5EB}"
EndProject
Project("{2150E333-8FDC-42A3-9474-1A3956D46DE8}") = "Ordering", "Ordering", "{C2980D91-10F3-45DE-A5D9-0C09AB80D0FF}"
EndProject
Project("{9A19103F-16F7-4668-BE54-9A1E7A4F7556}") = "Ordering.API", "Services\Ordering\Ordering.API\Ordering.API.csproj", "{49620513-5CE7-430B-BD4E-4A45F0578893}"
EndProject
Project("{9A19103F-16F7-4668-BE54-9A1E7A4F7556}") = "Ordering.Application", "Services\Ordering\Ordering.Application\Ordering.Application.csproj", "{137BE6E1-5D27-4374-9E79-81ED26DC3155}"
EndProject
Project("{9A19103F-16F7-4668-BE54-9A1E7A4F7556}") = "Ordering.Domain", "Services\Ordering\Ordering.Domain\Ordering.Domain.csproj", "{FA228B8F-4D2A-42E6-B1DF-760D8AB46D95}"
EndProject
Project("{9A19103F-16F7-4668-BE54-9A1E7A4F7556}") = "Ordering.Infrastructure", "Services\Ordering\Ordering.Infrastructure\Ordering.Infrastructure.csproj", "{A6081DB9-710F-415B-A6DD-9A73F9E2ADD2}"
EndProject
Project("{2150E333-8FDC-42A3-9474-1A3956D46DE8}") = "BuildingBlocks", "BuildingBlocks", "{3C12A11F-B0C4-4153-9168-6C605058BD50}"
EndProject
Project("{9A19103F-16F7-4668-BE54-9A1E7A4F7556}") = "EventBus.Messages", "BuildingBlocks\EventBus.Messages\EventBus.Messages.csproj", "{57991B1F-0352-4E2B-A5E5-E9F85815D0D5}"
EndProject
Project("{2150E333-8FDC-42A3-9474-1A3956D46DE8}") = "ApiGateways", "ApiGateways", "{15DAC27D-6418-4C0A-B140-2E2DD32C48BF}"
EndProject
Project("{FAE04EC0-301F-11D3-BF4B-00C04F79EFBC}") = "OcelotApiGateway", "ApiGateways\OcelotApiGateway\OcelotApiGateway.csproj", "{FA37CCC4-C762-42E2-8A29-7F27B4BA94C1}"
EndProject
Project("{FAE04EC0-301F-11D3-BF4B-00C04F79EFBC}") = "Shopping.Aggregator", "ApiGateways\Shopping.Aggregator\Shopping.Aggregator.csproj", "{C832D7EA-F380-439A-A55E-13E5A13F2680}"
EndProject
Global
	GlobalSection(SolutionConfigurationPlatforms) = preSolution
		Debug|Any CPU = Debug|Any CPU
		Release|Any CPU = Release|Any CPU
	EndGlobalSection
	GlobalSection(ProjectConfigurationPlatforms) = postSolution
		{9277C5EE-1D11-4E17-93B8-B9DEF8D09EEB}.Debug|Any CPU.ActiveCfg = Debug|Any CPU
		{9277C5EE-1D11-4E17-93B8-B9DEF8D09EEB}.Debug|Any CPU.Build.0 = Debug|Any CPU
		{9277C5EE-1D11-4E17-93B8-B9DEF8D09EEB}.Release|Any CPU.ActiveCfg = Release|Any CPU
		{9277C5EE-1D11-4E17-93B8-B9DEF8D09EEB}.Release|Any CPU.Build.0 = Release|Any CPU
		{EA9E16C0-2D29-4FA6-B45C-44714270FDF1}.Debug|Any CPU.ActiveCfg = Debug|Any CPU
		{EA9E16C0-2D29-4FA6-B45C-44714270FDF1}.Debug|Any CPU.Build.0 = Debug|Any CPU
		{EA9E16C0-2D29-4FA6-B45C-44714270FDF1}.Release|Any CPU.ActiveCfg = Release|Any CPU
		{EA9E16C0-2D29-4FA6-B45C-44714270FDF1}.Release|Any CPU.Build.0 = Release|Any CPU
		{94154BA4-8D94-44B2-8C33-D1F7084AE11A}.Debug|Any CPU.ActiveCfg = Debug|Any CPU
		{94154BA4-8D94-44B2-8C33-D1F7084AE11A}.Debug|Any CPU.Build.0 = Debug|Any CPU
		{94154BA4-8D94-44B2-8C33-D1F7084AE11A}.Release|Any CPU.ActiveCfg = Release|Any CPU
		{94154BA4-8D94-44B2-8C33-D1F7084AE11A}.Release|Any CPU.Build.0 = Release|Any CPU
		{8A6937E6-B94F-4DB6-AC9F-87078B79F0C8}.Debug|Any CPU.ActiveCfg = Debug|Any CPU
		{8A6937E6-B94F-4DB6-AC9F-87078B79F0C8}.Debug|Any CPU.Build.0 = Debug|Any CPU
		{8A6937E6-B94F-4DB6-AC9F-87078B79F0C8}.Release|Any CPU.ActiveCfg = Release|Any CPU
		{8A6937E6-B94F-4DB6-AC9F-87078B79F0C8}.Release|Any CPU.Build.0 = Release|Any CPU
		{55AFCB89-F579-4882-BF3A-49DB5B65C5EB}.Debug|Any CPU.ActiveCfg = Debug|Any CPU
		{55AFCB89-F579-4882-BF3A-49DB5B65C5EB}.Debug|Any CPU.Build.0 = Debug|Any CPU
		{55AFCB89-F579-4882-BF3A-49DB5B65C5EB}.Release|Any CPU.ActiveCfg = Release|Any CPU
		{55AFCB89-F579-4882-BF3A-49DB5B65C5EB}.Release|Any CPU.Build.0 = Release|Any CPU
		{49620513-5CE7-430B-BD4E-4A45F0578893}.Debug|Any CPU.ActiveCfg = Debug|Any CPU
		{49620513-5CE7-430B-BD4E-4A45F0578893}.Debug|Any CPU.Build.0 = Debug|Any CPU
		{49620513-5CE7-430B-BD4E-4A45F0578893}.Release|Any CPU.ActiveCfg = Release|Any CPU
		{49620513-5CE7-430B-BD4E-4A45F0578893}.Release|Any CPU.Build.0 = Release|Any CPU
		{137BE6E1-5D27-4374-9E79-81ED26DC3155}.Debug|Any CPU.ActiveCfg = Debug|Any CPU
		{137BE6E1-5D27-4374-9E79-81ED26DC3155}.Debug|Any CPU.Build.0 = Debug|Any CPU
		{137BE6E1-5D27-4374-9E79-81ED26DC3155}.Release|Any CPU.ActiveCfg = Release|Any CPU
		{137BE6E1-5D27-4374-9E79-81ED26DC3155}.Release|Any CPU.Build.0 = Release|Any CPU
		{FA228B8F-4D2A-42E6-B1DF-760D8AB46D95}.Debug|Any CPU.ActiveCfg = Debug|Any CPU
		{FA228B8F-4D2A-42E6-B1DF-760D8AB46D95}.Debug|Any CPU.Build.0 = Debug|Any CPU
		{FA228B8F-4D2A-42E6-B1DF-760D8AB46D95}.Release|Any CPU.ActiveCfg = Release|Any CPU
		{FA228B8F-4D2A-42E6-B1DF-760D8AB46D95}.Release|Any CPU.Build.0 = Release|Any CPU
		{A6081DB9-710F-415B-A6DD-9A73F9E2ADD2}.Debug|Any CPU.ActiveCfg = Debug|Any CPU
		{A6081DB9-710F-415B-A6DD-9A73F9E2ADD2}.Debug|Any CPU.Build.0 = Debug|Any CPU
		{A6081DB9-710F-415B-A6DD-9A73F9E2ADD2}.Release|Any CPU.ActiveCfg = Release|Any CPU
		{A6081DB9-710F-415B-A6DD-9A73F9E2ADD2}.Release|Any CPU.Build.0 = Release|Any CPU
		{57991B1F-0352-4E2B-A5E5-E9F85815D0D5}.Debug|Any CPU.ActiveCfg = Debug|Any CPU
		{57991B1F-0352-4E2B-A5E5-E9F85815D0D5}.Debug|Any CPU.Build.0 = Debug|Any CPU
		{57991B1F-0352-4E2B-A5E5-E9F85815D0D5}.Release|Any CPU.ActiveCfg = Release|Any CPU
		{57991B1F-0352-4E2B-A5E5-E9F85815D0D5}.Release|Any CPU.Build.0 = Release|Any CPU
		{FA37CCC4-C762-42E2-8A29-7F27B4BA94C1}.Debug|Any CPU.ActiveCfg = Debug|Any CPU
		{FA37CCC4-C762-42E2-8A29-7F27B4BA94C1}.Debug|Any CPU.Build.0 = Debug|Any CPU
		{FA37CCC4-C762-42E2-8A29-7F27B4BA94C1}.Release|Any CPU.ActiveCfg = Release|Any CPU
		{FA37CCC4-C762-42E2-8A29-7F27B4BA94C1}.Release|Any CPU.Build.0 = Release|Any CPU
		{C832D7EA-F380-439A-A55E-13E5A13F2680}.Debug|Any CPU.ActiveCfg = Debug|Any CPU
		{C832D7EA-F380-439A-A55E-13E5A13F2680}.Debug|Any CPU.Build.0 = Debug|Any CPU
		{C832D7EA-F380-439A-A55E-13E5A13F2680}.Release|Any CPU.ActiveCfg = Release|Any CPU
		{C832D7EA-F380-439A-A55E-13E5A13F2680}.Release|Any CPU.Build.0 = Release|Any CPU
	EndGlobalSection
	GlobalSection(SolutionProperties) = preSolution
		HideSolutionNode = FALSE
	EndGlobalSection
	GlobalSection(NestedProjects) = preSolution
		{B3C2CF21-3AA6-4360-A535-BE3FE7E5C615} = {FCBD3F99-836F-402F-9F0F-500D3212040F}
		{9277C5EE-1D11-4E17-93B8-B9DEF8D09EEB} = {B3C2CF21-3AA6-4360-A535-BE3FE7E5C615}
		{4D6027A2-8509-4729-9710-9BB0763AF757} = {FCBD3F99-836F-402F-9F0F-500D3212040F}
		{94154BA4-8D94-44B2-8C33-D1F7084AE11A} = {4D6027A2-8509-4729-9710-9BB0763AF757}
		{681CD67A-293A-448B-945A-DAC6900520CD} = {FCBD3F99-836F-402F-9F0F-500D3212040F}
		{8A6937E6-B94F-4DB6-AC9F-87078B79F0C8} = {681CD67A-293A-448B-945A-DAC6900520CD}
		{55AFCB89-F579-4882-BF3A-49DB5B65C5EB} = {681CD67A-293A-448B-945A-DAC6900520CD}
		{C2980D91-10F3-45DE-A5D9-0C09AB80D0FF} = {FCBD3F99-836F-402F-9F0F-500D3212040F}
		{49620513-5CE7-430B-BD4E-4A45F0578893} = {C2980D91-10F3-45DE-A5D9-0C09AB80D0FF}
		{137BE6E1-5D27-4374-9E79-81ED26DC3155} = {C2980D91-10F3-45DE-A5D9-0C09AB80D0FF}
		{FA228B8F-4D2A-42E6-B1DF-760D8AB46D95} = {C2980D91-10F3-45DE-A5D9-0C09AB80D0FF}
		{A6081DB9-710F-415B-A6DD-9A73F9E2ADD2} = {C2980D91-10F3-45DE-A5D9-0C09AB80D0FF}
		{57991B1F-0352-4E2B-A5E5-E9F85815D0D5} = {3C12A11F-B0C4-4153-9168-6C605058BD50}
		{FA37CCC4-C762-42E2-8A29-7F27B4BA94C1} = {15DAC27D-6418-4C0A-B140-2E2DD32C48BF}
		{C832D7EA-F380-439A-A55E-13E5A13F2680} = {15DAC27D-6418-4C0A-B140-2E2DD32C48BF}
	EndGlobalSection
	GlobalSection(ExtensibilityGlobals) = postSolution
		SolutionGuid = {9B2DDA56-5E88-4F7D-9197-CAD7301C0402}
	EndGlobalSection
EndGlobal
