
Microsoft Visual Studio Solution File, Format Version 12.00
# Visual Studio Version 17
VisualStudioVersion = 17.0.31903.59
MinimumVisualStudioVersion = 10.0.40219.1
Project("{2150E333-8FDC-42A3-9474-1A3956D46DE8}") = "Services", "Services", "{FCBD3F99-836F-402F-9F0F-500D3212040F}"
EndProject
Project("{2150E333-8FDC-42A3-9474-1A3956D46DE8}") = "Catalog", "Catalog", "{B3C2CF21-3AA6-4360-A535-BE3FE7E5C615}"
EndProject
Project("{FAE04EC0-301F-11D3-BF4B-00C04F79EFBC}") = "Catalog.Api", "Services\Catalog\Catalog.Api\Catalog.Api.csproj", "{9277C5EE-1D11-4E17-93B8-B9DEF8D09EEB}"
EndProject
Global
	GlobalSection(SolutionConfigurationPlatforms) = preSolution
		Debug|Any CPU = Debug|Any CPU
		Release|Any CPU = Release|Any CPU
	EndGlobalSection
	GlobalSection(ProjectConfigurationPlatforms) = postSolution
		{9277C5EE-1D11-4E17-93B8-B9DEF8D09EEB}.Debug|Any CPU.ActiveCfg = Debug|Any CPU
		{9277C5EE-1D11-4E17-93B8-B9DEF8D09EEB}.Debug|Any CPU.Build.0 = Debug|Any CPU
		{9277C5EE-1D11-4E17-93B8-B9DEF8D09EEB}.Release|Any CPU.ActiveCfg = Release|Any CPU
		{9277C5EE-1D11-4E17-93B8-B9DEF8D09EEB}.Release|Any CPU.Build.0 = Release|Any CPU
	EndGlobalSection
	GlobalSection(SolutionProperties) = preSolution
		HideSolutionNode = FALSE
	EndGlobalSection
	GlobalSection(NestedProjects) = preSolution
		{B3C2CF21-3AA6-4360-A535-BE3FE7E5C615} = {FCBD3F99-836F-402F-9F0F-500D3212040F}
		{9277C5EE-1D11-4E17-93B8-B9DEF8D09EEB} = {B3C2CF21-3AA6-4360-A535-BE3FE7E5C615}
	EndGlobalSection
	GlobalSection(ExtensibilityGlobals) = postSolution
		SolutionGuid = {9B2DDA56-5E88-4F7D-9197-CAD7301C0402}
	EndGlobalSection
EndGlobal
